
Microsoft Visual Studio Solution File, Format Version 12.00
# Visual Studio Version 17
VisualStudioVersion = 17.5.33516.290
MinimumVisualStudioVersion = 10.0.40219.1
Project("{9A19103F-16F7-4668-BE54-9A1E7A4F7556}") = "Demo path application c# 6", "Demo path application c# 6\Demo path application c# 6.csproj", "{81528C75-5DCE-413D-9036-D901298E817F}"
EndProject
Project("{9A19103F-16F7-4668-BE54-9A1E7A4F7556}") = "Login Captcha", "Login Captcha\Login Captcha.csproj", "{96F2B9A4-3426-461A-944C-151A7392063B}"
EndProject
Project("{FAE04EC0-301F-11D3-BF4B-00C04F79EFBC}") = "StudentDbSPProject", "StudentDbSPProject\StudentDbSPProject.csproj", "{B436036A-BCD7-446C-BCC6-6E81D59C1899}"
EndProject
Global
	GlobalSection(SolutionConfigurationPlatforms) = preSolution
		Debug|Any CPU = Debug|Any CPU
		Release|Any CPU = Release|Any CPU
	EndGlobalSection
	GlobalSection(ProjectConfigurationPlatforms) = postSolution
		{81528C75-5DCE-413D-9036-D901298E817F}.Debug|Any CPU.ActiveCfg = Debug|Any CPU
		{81528C75-5DCE-413D-9036-D901298E817F}.Debug|Any CPU.Build.0 = Debug|Any CPU
		{81528C75-5DCE-413D-9036-D901298E817F}.Release|Any CPU.ActiveCfg = Release|Any CPU
		{81528C75-5DCE-413D-9036-D901298E817F}.Release|Any CPU.Build.0 = Release|Any CPU
		{96F2B9A4-3426-461A-944C-151A7392063B}.Debug|Any CPU.ActiveCfg = Debug|Any CPU
		{96F2B9A4-3426-461A-944C-151A7392063B}.Debug|Any CPU.Build.0 = Debug|Any CPU
		{96F2B9A4-3426-461A-944C-151A7392063B}.Release|Any CPU.ActiveCfg = Release|Any CPU
		{96F2B9A4-3426-461A-944C-151A7392063B}.Release|Any CPU.Build.0 = Release|Any CPU
		{B436036A-BCD7-446C-BCC6-6E81D59C1899}.Debug|Any CPU.ActiveCfg = Debug|Any CPU
		{B436036A-BCD7-446C-BCC6-6E81D59C1899}.Debug|Any CPU.Build.0 = Debug|Any CPU
		{B436036A-BCD7-446C-BCC6-6E81D59C1899}.Release|Any CPU.ActiveCfg = Release|Any CPU
		{B436036A-BCD7-446C-BCC6-6E81D59C1899}.Release|Any CPU.Build.0 = Release|Any CPU
	EndGlobalSection
	GlobalSection(SolutionProperties) = preSolution
		HideSolutionNode = FALSE
	EndGlobalSection
	GlobalSection(ExtensibilityGlobals) = postSolution
		SolutionGuid = {B065A9E7-E7F8-4298-959E-423A8417109B}
	EndGlobalSection
EndGlobal
